
Microsoft Visual Studio Solution File, Format Version 12.00
# Visual Studio 15
VisualStudioVersion = 15.0.28307.572
MinimumVisualStudioVersion = 10.0.40219.1
Project("{8BC9CEB8-8B4A-11D0-8D11-00A0C91BC942}") = "LinearSearch", "LinearSearch\LinearSearch.vcxproj", "{144E91D3-54A1-42E7-BF62-1E5765F0F3AE}"
EndProject
Global
	GlobalSection(SolutionConfigurationPlatforms) = preSolution
		Debug|x64 = Debug|x64
		Debug|x86 = Debug|x86
		Release|x64 = Release|x64
		Release|x86 = Release|x86
	EndGlobalSection
	GlobalSection(ProjectConfigurationPlatforms) = postSolution
		{144E91D3-54A1-42E7-BF62-1E5765F0F3AE}.Debug|x64.ActiveCfg = Debug|x64
		{144E91D3-54A1-42E7-BF62-1E5765F0F3AE}.Debug|x64.Build.0 = Debug|x64
		{144E91D3-54A1-42E7-BF62-1E5765F0F3AE}.Debug|x86.ActiveCfg = Debug|Win32
		{144E91D3-54A1-42E7-BF62-1E5765F0F3AE}.Debug|x86.Build.0 = Debug|Win32
		{144E91D3-54A1-42E7-BF62-1E5765F0F3AE}.Release|x64.ActiveCfg = Release|x64
		{144E91D3-54A1-42E7-BF62-1E5765F0F3AE}.Release|x64.Build.0 = Release|x64
		{144E91D3-54A1-42E7-BF62-1E5765F0F3AE}.Release|x86.ActiveCfg = Release|Win32
		{144E91D3-54A1-42E7-BF62-1E5765F0F3AE}.Release|x86.Build.0 = Release|Win32
	EndGlobalSection
	GlobalSection(SolutionProperties) = preSolution
		HideSolutionNode = FALSE
	EndGlobalSection
	GlobalSection(ExtensibilityGlobals) = postSolution
		SolutionGuid = {B59CDF7A-6C6E-4306-B17F-BEFA3150F868}
	EndGlobalSection
EndGlobal
